
Microsoft Visual Studio Solution File, Format Version 12.00
# Visual Studio Version 17
VisualStudioVersion = 17.8.34330.188
MinimumVisualStudioVersion = 10.0.40219.1
Project("{9A19103F-16F7-4668-BE54-9A1E7A4F7556}") = "PortaPackRemote", "PortaPackRemote\PortaPackRemote.csproj", "{06D98887-D4B2-4D27-BD89-73BDA2A3AD17}"
EndProject
Project("{FAE04EC0-301F-11D3-BF4B-00C04F79EFBC}") = "PortaPackRemoteApi", "PortaPackRemoteApi\PortaPackRemoteApi.csproj", "{C1F62388-F798-41EF-ADF8-AAB7875545A2}"
EndProject
Global
	GlobalSection(SolutionConfigurationPlatforms) = preSolution
		Debug|Any CPU = Debug|Any CPU
		Release|Any CPU = Release|Any CPU
	EndGlobalSection
	GlobalSection(ProjectConfigurationPlatforms) = postSolution
		{06D98887-D4B2-4D27-BD89-73BDA2A3AD17}.Debug|Any CPU.ActiveCfg = Debug|Any CPU
		{06D98887-D4B2-4D27-BD89-73BDA2A3AD17}.Debug|Any CPU.Build.0 = Debug|Any CPU
		{06D98887-D4B2-4D27-BD89-73BDA2A3AD17}.Release|Any CPU.ActiveCfg = Release|Any CPU
		{06D98887-D4B2-4D27-BD89-73BDA2A3AD17}.Release|Any CPU.Build.0 = Release|Any CPU
		{C1F62388-F798-41EF-ADF8-AAB7875545A2}.Debug|Any CPU.ActiveCfg = Debug|Any CPU
		{C1F62388-F798-41EF-ADF8-AAB7875545A2}.Debug|Any CPU.Build.0 = Debug|Any CPU
		{C1F62388-F798-41EF-ADF8-AAB7875545A2}.Release|Any CPU.ActiveCfg = Release|Any CPU
		{C1F62388-F798-41EF-ADF8-AAB7875545A2}.Release|Any CPU.Build.0 = Release|Any CPU
	EndGlobalSection
	GlobalSection(SolutionProperties) = preSolution
		HideSolutionNode = FALSE
	EndGlobalSection
	GlobalSection(ExtensibilityGlobals) = postSolution
		SolutionGuid = {0EAFE204-9911-4C64-8146-9E3696063B20}
	EndGlobalSection
EndGlobal
